
Microsoft Visual Studio Solution File, Format Version 12.00
# Visual Studio 15
VisualStudioVersion = 15.0.27130.2003
MinimumVisualStudioVersion = 10.0.40219.1
Project("{9A19103F-16F7-4668-BE54-9A1E7A4F7556}") = "SimultaneousNetwork", "SimultaneousNetwork\SimultaneousNetwork.csproj", "{765492FC-090B-4478-8BF2-DE86C787A80E}"
EndProject
Project("{9A19103F-16F7-4668-BE54-9A1E7A4F7556}") = "Tests", "Tests\Tests.csproj", "{8A48BDC7-F941-4E77-9EBE-9E037085B487}"
EndProject
Global
	GlobalSection(SolutionConfigurationPlatforms) = preSolution
		Debug|Any CPU = Debug|Any CPU
		Debug|x86 = Debug|x86
		NuGet|Any CPU = NuGet|Any CPU
		NuGet|x86 = NuGet|x86
		Release|Any CPU = Release|Any CPU
		Release|x86 = Release|x86
	EndGlobalSection
	GlobalSection(ProjectConfigurationPlatforms) = postSolution
		{765492FC-090B-4478-8BF2-DE86C787A80E}.Debug|Any CPU.ActiveCfg = Debug|Any CPU
		{765492FC-090B-4478-8BF2-DE86C787A80E}.Debug|Any CPU.Build.0 = Debug|Any CPU
		{765492FC-090B-4478-8BF2-DE86C787A80E}.Debug|x86.ActiveCfg = Debug|Any CPU
		{765492FC-090B-4478-8BF2-DE86C787A80E}.Debug|x86.Build.0 = Debug|Any CPU
		{765492FC-090B-4478-8BF2-DE86C787A80E}.NuGet|Any CPU.ActiveCfg = Debug|Any CPU
		{765492FC-090B-4478-8BF2-DE86C787A80E}.NuGet|Any CPU.Build.0 = Debug|Any CPU
		{765492FC-090B-4478-8BF2-DE86C787A80E}.NuGet|x86.ActiveCfg = Debug|Any CPU
		{765492FC-090B-4478-8BF2-DE86C787A80E}.NuGet|x86.Build.0 = Debug|Any CPU
		{765492FC-090B-4478-8BF2-DE86C787A80E}.Release|Any CPU.ActiveCfg = Release|Any CPU
		{765492FC-090B-4478-8BF2-DE86C787A80E}.Release|Any CPU.Build.0 = Release|Any CPU
		{765492FC-090B-4478-8BF2-DE86C787A80E}.Release|x86.ActiveCfg = Release|Any CPU
		{765492FC-090B-4478-8BF2-DE86C787A80E}.Release|x86.Build.0 = Release|Any CPU
		{8A48BDC7-F941-4E77-9EBE-9E037085B487}.Debug|Any CPU.ActiveCfg = Debug|Any CPU
		{8A48BDC7-F941-4E77-9EBE-9E037085B487}.Debug|Any CPU.Build.0 = Debug|Any CPU
		{8A48BDC7-F941-4E77-9EBE-9E037085B487}.Debug|x86.ActiveCfg = Debug|Any CPU
		{8A48BDC7-F941-4E77-9EBE-9E037085B487}.Debug|x86.Build.0 = Debug|Any CPU
		{8A48BDC7-F941-4E77-9EBE-9E037085B487}.NuGet|Any CPU.ActiveCfg = Debug|Any CPU
		{8A48BDC7-F941-4E77-9EBE-9E037085B487}.NuGet|Any CPU.Build.0 = Debug|Any CPU
		{8A48BDC7-F941-4E77-9EBE-9E037085B487}.NuGet|x86.ActiveCfg = Debug|Any CPU
		{8A48BDC7-F941-4E77-9EBE-9E037085B487}.NuGet|x86.Build.0 = Debug|Any CPU
		{8A48BDC7-F941-4E77-9EBE-9E037085B487}.Release|Any CPU.ActiveCfg = Release|Any CPU
		{8A48BDC7-F941-4E77-9EBE-9E037085B487}.Release|Any CPU.Build.0 = Release|Any CPU
		{8A48BDC7-F941-4E77-9EBE-9E037085B487}.Release|x86.ActiveCfg = Release|Any CPU
		{8A48BDC7-F941-4E77-9EBE-9E037085B487}.Release|x86.Build.0 = Release|Any CPU
	EndGlobalSection
	GlobalSection(SolutionProperties) = preSolution
		HideSolutionNode = FALSE
	EndGlobalSection
	GlobalSection(ExtensibilityGlobals) = postSolution
		SolutionGuid = {2242774C-491B-490D-A5A2-447A7587FF5B}
	EndGlobalSection
EndGlobal
