
Microsoft Visual Studio Solution File, Format Version 12.00
# Visual Studio 15
VisualStudioVersion = 15.0.27130.2003
MinimumVisualStudioVersion = 10.0.40219.1
Project("{9A19103F-16F7-4668-BE54-9A1E7A4F7556}") = "Simultaneous2Core", "Simultaneous2Core\Simultaneous2Core.csproj", "{1E93B35D-3A2E-4353-97DA-FCE226432011}"
EndProject
Project("{9A19103F-16F7-4668-BE54-9A1E7A4F7556}") = "SimultaneousLiteNetLib", "SimultaneousLiteNetLib\SimultaneousLiteNetLib.csproj", "{D4C65AED-4F32-4230-9CC1-DD337ECCA1BE}"
EndProject
Project("{9A19103F-16F7-4668-BE54-9A1E7A4F7556}") = "LiteNetLibStandard", "..\..\..\..\Libs\LiteNetLib\LiteNetLibStandard\LiteNetLibStandard.csproj", "{8B64891D-AB43-44FF-A968-77E83EA5578D}"
EndProject
Project("{FAE04EC0-301F-11D3-BF4B-00C04F79EFBC}") = "TestBed", "TestBed\TestBed.csproj", "{07534F0B-D2D4-44C6-84FF-2662C0068C57}"
EndProject
Global
	GlobalSection(SolutionConfigurationPlatforms) = preSolution
		Ad-Hoc|Any CPU = Ad-Hoc|Any CPU
		Ad-Hoc|iPhone = Ad-Hoc|iPhone
		Ad-Hoc|iPhoneSimulator = Ad-Hoc|iPhoneSimulator
		Ad-Hoc|x86 = Ad-Hoc|x86
		AppStore|Any CPU = AppStore|Any CPU
		AppStore|iPhone = AppStore|iPhone
		AppStore|iPhoneSimulator = AppStore|iPhoneSimulator
		AppStore|x86 = AppStore|x86
		Debug|Any CPU = Debug|Any CPU
		Debug|iPhone = Debug|iPhone
		Debug|iPhoneSimulator = Debug|iPhoneSimulator
		Debug|x86 = Debug|x86
		NuGet|Any CPU = NuGet|Any CPU
		NuGet|iPhone = NuGet|iPhone
		NuGet|iPhoneSimulator = NuGet|iPhoneSimulator
		NuGet|x86 = NuGet|x86
		Release|Any CPU = Release|Any CPU
		Release|iPhone = Release|iPhone
		Release|iPhoneSimulator = Release|iPhoneSimulator
		Release|x86 = Release|x86
	EndGlobalSection
	GlobalSection(ProjectConfigurationPlatforms) = postSolution
		{1E93B35D-3A2E-4353-97DA-FCE226432011}.Ad-Hoc|Any CPU.ActiveCfg = Release|Any CPU
		{1E93B35D-3A2E-4353-97DA-FCE226432011}.Ad-Hoc|Any CPU.Build.0 = Release|Any CPU
		{1E93B35D-3A2E-4353-97DA-FCE226432011}.Ad-Hoc|iPhone.ActiveCfg = Release|Any CPU
		{1E93B35D-3A2E-4353-97DA-FCE226432011}.Ad-Hoc|iPhone.Build.0 = Release|Any CPU
		{1E93B35D-3A2E-4353-97DA-FCE226432011}.Ad-Hoc|iPhoneSimulator.ActiveCfg = Release|Any CPU
		{1E93B35D-3A2E-4353-97DA-FCE226432011}.Ad-Hoc|iPhoneSimulator.Build.0 = Release|Any CPU
		{1E93B35D-3A2E-4353-97DA-FCE226432011}.Ad-Hoc|x86.ActiveCfg = Release|Any CPU
		{1E93B35D-3A2E-4353-97DA-FCE226432011}.Ad-Hoc|x86.Build.0 = Release|Any CPU
		{1E93B35D-3A2E-4353-97DA-FCE226432011}.AppStore|Any CPU.ActiveCfg = Release|Any CPU
		{1E93B35D-3A2E-4353-97DA-FCE226432011}.AppStore|Any CPU.Build.0 = Release|Any CPU
		{1E93B35D-3A2E-4353-97DA-FCE226432011}.AppStore|iPhone.ActiveCfg = Release|Any CPU
		{1E93B35D-3A2E-4353-97DA-FCE226432011}.AppStore|iPhone.Build.0 = Release|Any CPU
		{1E93B35D-3A2E-4353-97DA-FCE226432011}.AppStore|iPhoneSimulator.ActiveCfg = Release|Any CPU
		{1E93B35D-3A2E-4353-97DA-FCE226432011}.AppStore|iPhoneSimulator.Build.0 = Release|Any CPU
		{1E93B35D-3A2E-4353-97DA-FCE226432011}.AppStore|x86.ActiveCfg = Release|Any CPU
		{1E93B35D-3A2E-4353-97DA-FCE226432011}.AppStore|x86.Build.0 = Release|Any CPU
		{1E93B35D-3A2E-4353-97DA-FCE226432011}.Debug|Any CPU.ActiveCfg = Debug|Any CPU
		{1E93B35D-3A2E-4353-97DA-FCE226432011}.Debug|Any CPU.Build.0 = Debug|Any CPU
		{1E93B35D-3A2E-4353-97DA-FCE226432011}.Debug|iPhone.ActiveCfg = Debug|Any CPU
		{1E93B35D-3A2E-4353-97DA-FCE226432011}.Debug|iPhone.Build.0 = Debug|Any CPU
		{1E93B35D-3A2E-4353-97DA-FCE226432011}.Debug|iPhoneSimulator.ActiveCfg = Debug|Any CPU
		{1E93B35D-3A2E-4353-97DA-FCE226432011}.Debug|iPhoneSimulator.Build.0 = Debug|Any CPU
		{1E93B35D-3A2E-4353-97DA-FCE226432011}.Debug|x86.ActiveCfg = Debug|Any CPU
		{1E93B35D-3A2E-4353-97DA-FCE226432011}.Debug|x86.Build.0 = Debug|Any CPU
		{1E93B35D-3A2E-4353-97DA-FCE226432011}.NuGet|Any CPU.ActiveCfg = Debug|Any CPU
		{1E93B35D-3A2E-4353-97DA-FCE226432011}.NuGet|Any CPU.Build.0 = Debug|Any CPU
		{1E93B35D-3A2E-4353-97DA-FCE226432011}.NuGet|iPhone.ActiveCfg = Release|Any CPU
		{1E93B35D-3A2E-4353-97DA-FCE226432011}.NuGet|iPhone.Build.0 = Release|Any CPU
		{1E93B35D-3A2E-4353-97DA-FCE226432011}.NuGet|iPhoneSimulator.ActiveCfg = Release|Any CPU
		{1E93B35D-3A2E-4353-97DA-FCE226432011}.NuGet|iPhoneSimulator.Build.0 = Release|Any CPU
		{1E93B35D-3A2E-4353-97DA-FCE226432011}.NuGet|x86.ActiveCfg = Debug|Any CPU
		{1E93B35D-3A2E-4353-97DA-FCE226432011}.NuGet|x86.Build.0 = Debug|Any CPU
		{1E93B35D-3A2E-4353-97DA-FCE226432011}.Release|Any CPU.ActiveCfg = Release|Any CPU
		{1E93B35D-3A2E-4353-97DA-FCE226432011}.Release|Any CPU.Build.0 = Release|Any CPU
		{1E93B35D-3A2E-4353-97DA-FCE226432011}.Release|iPhone.ActiveCfg = Release|Any CPU
		{1E93B35D-3A2E-4353-97DA-FCE226432011}.Release|iPhone.Build.0 = Release|Any CPU
		{1E93B35D-3A2E-4353-97DA-FCE226432011}.Release|iPhoneSimulator.ActiveCfg = Release|Any CPU
		{1E93B35D-3A2E-4353-97DA-FCE226432011}.Release|iPhoneSimulator.Build.0 = Release|Any CPU
		{1E93B35D-3A2E-4353-97DA-FCE226432011}.Release|x86.ActiveCfg = Release|Any CPU
		{1E93B35D-3A2E-4353-97DA-FCE226432011}.Release|x86.Build.0 = Release|Any CPU
		{D4C65AED-4F32-4230-9CC1-DD337ECCA1BE}.Ad-Hoc|Any CPU.ActiveCfg = Release|Any CPU
		{D4C65AED-4F32-4230-9CC1-DD337ECCA1BE}.Ad-Hoc|Any CPU.Build.0 = Release|Any CPU
		{D4C65AED-4F32-4230-9CC1-DD337ECCA1BE}.Ad-Hoc|iPhone.ActiveCfg = Release|Any CPU
		{D4C65AED-4F32-4230-9CC1-DD337ECCA1BE}.Ad-Hoc|iPhone.Build.0 = Release|Any CPU
		{D4C65AED-4F32-4230-9CC1-DD337ECCA1BE}.Ad-Hoc|iPhoneSimulator.ActiveCfg = Release|Any CPU
		{D4C65AED-4F32-4230-9CC1-DD337ECCA1BE}.Ad-Hoc|iPhoneSimulator.Build.0 = Release|Any CPU
		{D4C65AED-4F32-4230-9CC1-DD337ECCA1BE}.Ad-Hoc|x86.ActiveCfg = Release|Any CPU
		{D4C65AED-4F32-4230-9CC1-DD337ECCA1BE}.Ad-Hoc|x86.Build.0 = Release|Any CPU
		{D4C65AED-4F32-4230-9CC1-DD337ECCA1BE}.AppStore|Any CPU.ActiveCfg = Release|Any CPU
		{D4C65AED-4F32-4230-9CC1-DD337ECCA1BE}.AppStore|Any CPU.Build.0 = Release|Any CPU
		{D4C65AED-4F32-4230-9CC1-DD337ECCA1BE}.AppStore|iPhone.ActiveCfg = Release|Any CPU
		{D4C65AED-4F32-4230-9CC1-DD337ECCA1BE}.AppStore|iPhone.Build.0 = Release|Any CPU
		{D4C65AED-4F32-4230-9CC1-DD337ECCA1BE}.AppStore|iPhoneSimulator.ActiveCfg = Release|Any CPU
		{D4C65AED-4F32-4230-9CC1-DD337ECCA1BE}.AppStore|iPhoneSimulator.Build.0 = Release|Any CPU
		{D4C65AED-4F32-4230-9CC1-DD337ECCA1BE}.AppStore|x86.ActiveCfg = Release|Any CPU
		{D4C65AED-4F32-4230-9CC1-DD337ECCA1BE}.AppStore|x86.Build.0 = Release|Any CPU
		{D4C65AED-4F32-4230-9CC1-DD337ECCA1BE}.Debug|Any CPU.ActiveCfg = Debug|Any CPU
		{D4C65AED-4F32-4230-9CC1-DD337ECCA1BE}.Debug|Any CPU.Build.0 = Debug|Any CPU
		{D4C65AED-4F32-4230-9CC1-DD337ECCA1BE}.Debug|iPhone.ActiveCfg = Debug|Any CPU
		{D4C65AED-4F32-4230-9CC1-DD337ECCA1BE}.Debug|iPhone.Build.0 = Debug|Any CPU
		{D4C65AED-4F32-4230-9CC1-DD337ECCA1BE}.Debug|iPhoneSimulator.ActiveCfg = Debug|Any CPU
		{D4C65AED-4F32-4230-9CC1-DD337ECCA1BE}.Debug|iPhoneSimulator.Build.0 = Debug|Any CPU
		{D4C65AED-4F32-4230-9CC1-DD337ECCA1BE}.Debug|x86.ActiveCfg = Debug|Any CPU
		{D4C65AED-4F32-4230-9CC1-DD337ECCA1BE}.Debug|x86.Build.0 = Debug|Any CPU
		{D4C65AED-4F32-4230-9CC1-DD337ECCA1BE}.NuGet|Any CPU.ActiveCfg = Debug|Any CPU
		{D4C65AED-4F32-4230-9CC1-DD337ECCA1BE}.NuGet|Any CPU.Build.0 = Debug|Any CPU
		{D4C65AED-4F32-4230-9CC1-DD337ECCA1BE}.NuGet|iPhone.ActiveCfg = Release|Any CPU
		{D4C65AED-4F32-4230-9CC1-DD337ECCA1BE}.NuGet|iPhone.Build.0 = Release|Any CPU
		{D4C65AED-4F32-4230-9CC1-DD337ECCA1BE}.NuGet|iPhoneSimulator.ActiveCfg = Release|Any CPU
		{D4C65AED-4F32-4230-9CC1-DD337ECCA1BE}.NuGet|iPhoneSimulator.Build.0 = Release|Any CPU
		{D4C65AED-4F32-4230-9CC1-DD337ECCA1BE}.NuGet|x86.ActiveCfg = Debug|Any CPU
		{D4C65AED-4F32-4230-9CC1-DD337ECCA1BE}.NuGet|x86.Build.0 = Debug|Any CPU
		{D4C65AED-4F32-4230-9CC1-DD337ECCA1BE}.Release|Any CPU.ActiveCfg = Release|Any CPU
		{D4C65AED-4F32-4230-9CC1-DD337ECCA1BE}.Release|Any CPU.Build.0 = Release|Any CPU
		{D4C65AED-4F32-4230-9CC1-DD337ECCA1BE}.Release|iPhone.ActiveCfg = Release|Any CPU
		{D4C65AED-4F32-4230-9CC1-DD337ECCA1BE}.Release|iPhone.Build.0 = Release|Any CPU
		{D4C65AED-4F32-4230-9CC1-DD337ECCA1BE}.Release|iPhoneSimulator.ActiveCfg = Release|Any CPU
		{D4C65AED-4F32-4230-9CC1-DD337ECCA1BE}.Release|iPhoneSimulator.Build.0 = Release|Any CPU
		{D4C65AED-4F32-4230-9CC1-DD337ECCA1BE}.Release|x86.ActiveCfg = Release|Any CPU
		{D4C65AED-4F32-4230-9CC1-DD337ECCA1BE}.Release|x86.Build.0 = Release|Any CPU
		{8B64891D-AB43-44FF-A968-77E83EA5578D}.Ad-Hoc|Any CPU.ActiveCfg = Debug|Any CPU
		{8B64891D-AB43-44FF-A968-77E83EA5578D}.Ad-Hoc|Any CPU.Build.0 = Debug|Any CPU
		{8B64891D-AB43-44FF-A968-77E83EA5578D}.Ad-Hoc|iPhone.ActiveCfg = Debug|Any CPU
		{8B64891D-AB43-44FF-A968-77E83EA5578D}.Ad-Hoc|iPhone.Build.0 = Debug|Any CPU
		{8B64891D-AB43-44FF-A968-77E83EA5578D}.Ad-Hoc|iPhoneSimulator.ActiveCfg = Debug|Any CPU
		{8B64891D-AB43-44FF-A968-77E83EA5578D}.Ad-Hoc|iPhoneSimulator.Build.0 = Debug|Any CPU
		{8B64891D-AB43-44FF-A968-77E83EA5578D}.Ad-Hoc|x86.ActiveCfg = Debug|Any CPU
		{8B64891D-AB43-44FF-A968-77E83EA5578D}.Ad-Hoc|x86.Build.0 = Debug|Any CPU
		{8B64891D-AB43-44FF-A968-77E83EA5578D}.AppStore|Any CPU.ActiveCfg = Debug|Any CPU
		{8B64891D-AB43-44FF-A968-77E83EA5578D}.AppStore|Any CPU.Build.0 = Debug|Any CPU
		{8B64891D-AB43-44FF-A968-77E83EA5578D}.AppStore|iPhone.ActiveCfg = Debug|Any CPU
		{8B64891D-AB43-44FF-A968-77E83EA5578D}.AppStore|iPhone.Build.0 = Debug|Any CPU
		{8B64891D-AB43-44FF-A968-77E83EA5578D}.AppStore|iPhoneSimulator.ActiveCfg = Debug|Any CPU
		{8B64891D-AB43-44FF-A968-77E83EA5578D}.AppStore|iPhoneSimulator.Build.0 = Debug|Any CPU
		{8B64891D-AB43-44FF-A968-77E83EA5578D}.AppStore|x86.ActiveCfg = Debug|Any CPU
		{8B64891D-AB43-44FF-A968-77E83EA5578D}.AppStore|x86.Build.0 = Debug|Any CPU
		{8B64891D-AB43-44FF-A968-77E83EA5578D}.Debug|Any CPU.ActiveCfg = Debug|Any CPU
		{8B64891D-AB43-44FF-A968-77E83EA5578D}.Debug|Any CPU.Build.0 = Debug|Any CPU
		{8B64891D-AB43-44FF-A968-77E83EA5578D}.Debug|iPhone.ActiveCfg = Debug|Any CPU
		{8B64891D-AB43-44FF-A968-77E83EA5578D}.Debug|iPhone.Build.0 = Debug|Any CPU
		{8B64891D-AB43-44FF-A968-77E83EA5578D}.Debug|iPhoneSimulator.ActiveCfg = Debug|Any CPU
		{8B64891D-AB43-44FF-A968-77E83EA5578D}.Debug|iPhoneSimulator.Build.0 = Debug|Any CPU
		{8B64891D-AB43-44FF-A968-77E83EA5578D}.Debug|x86.ActiveCfg = Debug|Any CPU
		{8B64891D-AB43-44FF-A968-77E83EA5578D}.Debug|x86.Build.0 = Debug|Any CPU
		{8B64891D-AB43-44FF-A968-77E83EA5578D}.NuGet|Any CPU.ActiveCfg = Debug|Any CPU
		{8B64891D-AB43-44FF-A968-77E83EA5578D}.NuGet|Any CPU.Build.0 = Debug|Any CPU
		{8B64891D-AB43-44FF-A968-77E83EA5578D}.NuGet|iPhone.ActiveCfg = Debug|Any CPU
		{8B64891D-AB43-44FF-A968-77E83EA5578D}.NuGet|iPhone.Build.0 = Debug|Any CPU
		{8B64891D-AB43-44FF-A968-77E83EA5578D}.NuGet|iPhoneSimulator.ActiveCfg = Debug|Any CPU
		{8B64891D-AB43-44FF-A968-77E83EA5578D}.NuGet|iPhoneSimulator.Build.0 = Debug|Any CPU
		{8B64891D-AB43-44FF-A968-77E83EA5578D}.NuGet|x86.ActiveCfg = Debug|Any CPU
		{8B64891D-AB43-44FF-A968-77E83EA5578D}.NuGet|x86.Build.0 = Debug|Any CPU
		{8B64891D-AB43-44FF-A968-77E83EA5578D}.Release|Any CPU.ActiveCfg = Release|Any CPU
		{8B64891D-AB43-44FF-A968-77E83EA5578D}.Release|Any CPU.Build.0 = Release|Any CPU
		{8B64891D-AB43-44FF-A968-77E83EA5578D}.Release|iPhone.ActiveCfg = Release|Any CPU
		{8B64891D-AB43-44FF-A968-77E83EA5578D}.Release|iPhone.Build.0 = Release|Any CPU
		{8B64891D-AB43-44FF-A968-77E83EA5578D}.Release|iPhoneSimulator.ActiveCfg = Release|Any CPU
		{8B64891D-AB43-44FF-A968-77E83EA5578D}.Release|iPhoneSimulator.Build.0 = Release|Any CPU
		{8B64891D-AB43-44FF-A968-77E83EA5578D}.Release|x86.ActiveCfg = Release|Any CPU
		{8B64891D-AB43-44FF-A968-77E83EA5578D}.Release|x86.Build.0 = Release|Any CPU
		{07534F0B-D2D4-44C6-84FF-2662C0068C57}.Ad-Hoc|Any CPU.ActiveCfg = Release|Any CPU
		{07534F0B-D2D4-44C6-84FF-2662C0068C57}.Ad-Hoc|Any CPU.Build.0 = Release|Any CPU
		{07534F0B-D2D4-44C6-84FF-2662C0068C57}.Ad-Hoc|iPhone.ActiveCfg = Release|Any CPU
		{07534F0B-D2D4-44C6-84FF-2662C0068C57}.Ad-Hoc|iPhone.Build.0 = Release|Any CPU
		{07534F0B-D2D4-44C6-84FF-2662C0068C57}.Ad-Hoc|iPhoneSimulator.ActiveCfg = Release|Any CPU
		{07534F0B-D2D4-44C6-84FF-2662C0068C57}.Ad-Hoc|iPhoneSimulator.Build.0 = Release|Any CPU
		{07534F0B-D2D4-44C6-84FF-2662C0068C57}.Ad-Hoc|x86.ActiveCfg = Release|Any CPU
		{07534F0B-D2D4-44C6-84FF-2662C0068C57}.Ad-Hoc|x86.Build.0 = Release|Any CPU
		{07534F0B-D2D4-44C6-84FF-2662C0068C57}.AppStore|Any CPU.ActiveCfg = Release|Any CPU
		{07534F0B-D2D4-44C6-84FF-2662C0068C57}.AppStore|Any CPU.Build.0 = Release|Any CPU
		{07534F0B-D2D4-44C6-84FF-2662C0068C57}.AppStore|iPhone.ActiveCfg = Release|Any CPU
		{07534F0B-D2D4-44C6-84FF-2662C0068C57}.AppStore|iPhone.Build.0 = Release|Any CPU
		{07534F0B-D2D4-44C6-84FF-2662C0068C57}.AppStore|iPhoneSimulator.ActiveCfg = Release|Any CPU
		{07534F0B-D2D4-44C6-84FF-2662C0068C57}.AppStore|iPhoneSimulator.Build.0 = Release|Any CPU
		{07534F0B-D2D4-44C6-84FF-2662C0068C57}.AppStore|x86.ActiveCfg = Release|Any CPU
		{07534F0B-D2D4-44C6-84FF-2662C0068C57}.AppStore|x86.Build.0 = Release|Any CPU
		{07534F0B-D2D4-44C6-84FF-2662C0068C57}.Debug|Any CPU.ActiveCfg = Debug|Any CPU
		{07534F0B-D2D4-44C6-84FF-2662C0068C57}.Debug|Any CPU.Build.0 = Debug|Any CPU
		{07534F0B-D2D4-44C6-84FF-2662C0068C57}.Debug|iPhone.ActiveCfg = Debug|Any CPU
		{07534F0B-D2D4-44C6-84FF-2662C0068C57}.Debug|iPhone.Build.0 = Debug|Any CPU
		{07534F0B-D2D4-44C6-84FF-2662C0068C57}.Debug|iPhoneSimulator.ActiveCfg = Debug|Any CPU
		{07534F0B-D2D4-44C6-84FF-2662C0068C57}.Debug|iPhoneSimulator.Build.0 = Debug|Any CPU
		{07534F0B-D2D4-44C6-84FF-2662C0068C57}.Debug|x86.ActiveCfg = Debug|Any CPU
		{07534F0B-D2D4-44C6-84FF-2662C0068C57}.Debug|x86.Build.0 = Debug|Any CPU
		{07534F0B-D2D4-44C6-84FF-2662C0068C57}.NuGet|Any CPU.ActiveCfg = Release|Any CPU
		{07534F0B-D2D4-44C6-84FF-2662C0068C57}.NuGet|Any CPU.Build.0 = Release|Any CPU
		{07534F0B-D2D4-44C6-84FF-2662C0068C57}.NuGet|iPhone.ActiveCfg = Release|Any CPU
		{07534F0B-D2D4-44C6-84FF-2662C0068C57}.NuGet|iPhone.Build.0 = Release|Any CPU
		{07534F0B-D2D4-44C6-84FF-2662C0068C57}.NuGet|iPhoneSimulator.ActiveCfg = Release|Any CPU
		{07534F0B-D2D4-44C6-84FF-2662C0068C57}.NuGet|iPhoneSimulator.Build.0 = Release|Any CPU
		{07534F0B-D2D4-44C6-84FF-2662C0068C57}.NuGet|x86.ActiveCfg = Release|Any CPU
		{07534F0B-D2D4-44C6-84FF-2662C0068C57}.NuGet|x86.Build.0 = Release|Any CPU
		{07534F0B-D2D4-44C6-84FF-2662C0068C57}.Release|Any CPU.ActiveCfg = Release|Any CPU
		{07534F0B-D2D4-44C6-84FF-2662C0068C57}.Release|Any CPU.Build.0 = Release|Any CPU
		{07534F0B-D2D4-44C6-84FF-2662C0068C57}.Release|iPhone.ActiveCfg = Release|Any CPU
		{07534F0B-D2D4-44C6-84FF-2662C0068C57}.Release|iPhone.Build.0 = Release|Any CPU
		{07534F0B-D2D4-44C6-84FF-2662C0068C57}.Release|iPhoneSimulator.ActiveCfg = Release|Any CPU
		{07534F0B-D2D4-44C6-84FF-2662C0068C57}.Release|iPhoneSimulator.Build.0 = Release|Any CPU
		{07534F0B-D2D4-44C6-84FF-2662C0068C57}.Release|x86.ActiveCfg = Release|Any CPU
		{07534F0B-D2D4-44C6-84FF-2662C0068C57}.Release|x86.Build.0 = Release|Any CPU
	EndGlobalSection
	GlobalSection(SolutionProperties) = preSolution
		HideSolutionNode = FALSE
	EndGlobalSection
	GlobalSection(ExtensibilityGlobals) = postSolution
		SolutionGuid = {2242774C-491B-490D-A5A2-447A7587FF5B}
	EndGlobalSection
EndGlobal
